
Microsoft Visual Studio Solution File, Format Version 12.00
# Visual Studio Version 17
VisualStudioVersion = 17.0.31903.59
MinimumVisualStudioVersion = 10.0.40219.1
Project("{FAE04EC0-301F-11D3-BF4B-00C04F79EFBC}") = "dotnet-ldap-experiment", "dotnet-ldap-experiment\dotnet-ldap-experiment.csproj", "{1F0CCFC7-4CF8-4A45-BEBC-BEDF3BDFFC71}"
EndProject
Project("{FAE04EC0-301F-11D3-BF4B-00C04F79EFBC}") = "System.DirectoryServices.Protocols", "System.DirectoryServices.Protocols\System.DirectoryServices.Protocols.csproj", "{EE881D1E-A4C0-47AF-9739-9EC6C32F3796}"
EndProject
Project("{2150E333-8FDC-42A3-9474-1A3956D46DE8}") = "meta", "meta", "{4C094826-8EAD-4359-B55A-852FD604A3B7}"
	ProjectSection(SolutionItems) = preProject
		README.md = README.md
	EndProjectSection
EndProject
Global
	GlobalSection(SolutionConfigurationPlatforms) = preSolution
		Debug|Any CPU = Debug|Any CPU
		Release|Any CPU = Release|Any CPU
	EndGlobalSection
	GlobalSection(SolutionProperties) = preSolution
		HideSolutionNode = FALSE
	EndGlobalSection
	GlobalSection(ProjectConfigurationPlatforms) = postSolution
		{1F0CCFC7-4CF8-4A45-BEBC-BEDF3BDFFC71}.Debug|Any CPU.ActiveCfg = Debug|Any CPU
		{1F0CCFC7-4CF8-4A45-BEBC-BEDF3BDFFC71}.Debug|Any CPU.Build.0 = Debug|Any CPU
		{1F0CCFC7-4CF8-4A45-BEBC-BEDF3BDFFC71}.Release|Any CPU.ActiveCfg = Release|Any CPU
		{1F0CCFC7-4CF8-4A45-BEBC-BEDF3BDFFC71}.Release|Any CPU.Build.0 = Release|Any CPU
		{EE881D1E-A4C0-47AF-9739-9EC6C32F3796}.Debug|Any CPU.ActiveCfg = Debug|Any CPU
		{EE881D1E-A4C0-47AF-9739-9EC6C32F3796}.Debug|Any CPU.Build.0 = Debug|Any CPU
		{EE881D1E-A4C0-47AF-9739-9EC6C32F3796}.Release|Any CPU.ActiveCfg = Release|Any CPU
		{EE881D1E-A4C0-47AF-9739-9EC6C32F3796}.Release|Any CPU.Build.0 = Release|Any CPU
	EndGlobalSection
EndGlobal
